# This file was autogenerated by Stack.
# You should not edit this file by hand.
# For more information, please see the documentation at:
#   https://docs.haskellstack.org/en/stable/topics/lock_files

packages:
- completed:
    hackage: fourmolu-0.17.0.0@sha256:e5fb41791488bef362a755da83a4b9a4681cf9f15148b3aca604e3f5cedbb11a,6998
    pantry-tree:
      sha256: 60ef65181930a0ce4cdd63a1ef4dfa8080a4e4455c867da343b3cb6de1a81b9e
      size: 165530
  original:
    hackage: fourmolu-0.17.0.0
- completed:
    hackage: table-layout-1.0.0.2@sha256:d1d7fb2afb618bed9c749c0873011f746f2448c3cd45b704380f8768b449af29,7880
    pantry-tree:
      sha256: 5598d41b5adfccd33d131eea1fda290ea4e7b6629ab91e15417bccba4d4a76dd
      size: 2547
  original:
    hackage: table-layout-1.0.0.2@sha256:d1d7fb2afb618bed9c749c0873011f746f2448c3cd45b704380f8768b449af29,7880
snapshots:
- completed:
    sha256: bbf3ee712864f4cbd6dc0c9355f9edf6fa191e69fadb0fc46bc047ec63f1a2c0
    size: 682019
    url: https://raw.githubusercontent.com/commercialhaskell/stackage-snapshots/master/nightly/2025/4/22.yaml
  original: nightly-2025-04-22
